
Microsoft Visual Studio Solution File, Format Version 12.00
# Visual Studio Version 16
VisualStudioVersion = 16.0.808.4
MinimumVisualStudioVersion = 10.0.40219.1
Project("{FAE04EC0-301F-11D3-BF4B-00C04F79EFBC}") = "SwordDamageCalculator", "SwordDamageCalculator\SwordDamageCalculator.csproj", "{13A81A96-E5FA-407C-A9B4-D85C02AAC8BE}"
EndProject
Global
	GlobalSection(SolutionConfigurationPlatforms) = preSolution
		Debug|Any CPU = Debug|Any CPU
		Release|Any CPU = Release|Any CPU
	EndGlobalSection
	GlobalSection(ProjectConfigurationPlatforms) = postSolution
		{13A81A96-E5FA-407C-A9B4-D85C02AAC8BE}.Debug|Any CPU.ActiveCfg = Debug|Any CPU
		{13A81A96-E5FA-407C-A9B4-D85C02AAC8BE}.Debug|Any CPU.Build.0 = Debug|Any CPU
		{13A81A96-E5FA-407C-A9B4-D85C02AAC8BE}.Release|Any CPU.ActiveCfg = Release|Any CPU
		{13A81A96-E5FA-407C-A9B4-D85C02AAC8BE}.Release|Any CPU.Build.0 = Release|Any CPU
	EndGlobalSection
	GlobalSection(SolutionProperties) = preSolution
		HideSolutionNode = FALSE
	EndGlobalSection
	GlobalSection(ExtensibilityGlobals) = postSolution
		SolutionGuid = {DDCB5D49-F032-409A-B283-F1F8E63A5A52}
	EndGlobalSection
EndGlobal
